
Microsoft Visual Studio Solution File, Format Version 12.00
# Visual Studio 15
VisualStudioVersion = 15.0.28307.421
MinimumVisualStudioVersion = 10.0.40219.1
Project("{FAE04EC0-301F-11D3-BF4B-00C04F79EFBC}") = "Program3", "Program3\Program3.csproj", "{AD294D30-1EF6-4DC8-9372-6832E0803152}"
EndProject
Global
	GlobalSection(SolutionConfigurationPlatforms) = preSolution
		Debug|Any CPU = Debug|Any CPU
		Release|Any CPU = Release|Any CPU
	EndGlobalSection
	GlobalSection(ProjectConfigurationPlatforms) = postSolution
		{AD294D30-1EF6-4DC8-9372-6832E0803152}.Debug|Any CPU.ActiveCfg = Debug|Any CPU
		{AD294D30-1EF6-4DC8-9372-6832E0803152}.Debug|Any CPU.Build.0 = Debug|Any CPU
		{AD294D30-1EF6-4DC8-9372-6832E0803152}.Release|Any CPU.ActiveCfg = Release|Any CPU
		{AD294D30-1EF6-4DC8-9372-6832E0803152}.Release|Any CPU.Build.0 = Release|Any CPU
	EndGlobalSection
	GlobalSection(SolutionProperties) = preSolution
		HideSolutionNode = FALSE
	EndGlobalSection
	GlobalSection(ExtensibilityGlobals) = postSolution
		SolutionGuid = {FF7F3D76-8F52-4319-8973-29945ED2E6FB}
	EndGlobalSection
EndGlobal
